
Microsoft Visual Studio Solution File, Format Version 12.00
# Visual Studio Version 16
VisualStudioVersion = 16.0.28803.156
MinimumVisualStudioVersion = 10.0.40219.1
Project("{9A19103F-16F7-4668-BE54-9A1E7A4F7556}") = "InfoTrack", "InfoTrack\InfoTrack.csproj", "{A84F3C0D-6141-4849-8464-3122C7EE801F}"
EndProject
Global
	GlobalSection(SolutionConfigurationPlatforms) = preSolution
		Debug|Any CPU = Debug|Any CPU
		Release|Any CPU = Release|Any CPU
	EndGlobalSection
	GlobalSection(ProjectConfigurationPlatforms) = postSolution
		{A84F3C0D-6141-4849-8464-3122C7EE801F}.Debug|Any CPU.ActiveCfg = Debug|Any CPU
		{A84F3C0D-6141-4849-8464-3122C7EE801F}.Debug|Any CPU.Build.0 = Debug|Any CPU
		{A84F3C0D-6141-4849-8464-3122C7EE801F}.Release|Any CPU.ActiveCfg = Release|Any CPU
		{A84F3C0D-6141-4849-8464-3122C7EE801F}.Release|Any CPU.Build.0 = Release|Any CPU
	EndGlobalSection
	GlobalSection(SolutionProperties) = preSolution
		HideSolutionNode = FALSE
	EndGlobalSection
	GlobalSection(ExtensibilityGlobals) = postSolution
		SolutionGuid = {F2AECE6E-695C-4DD4-820E-5CADB69765F5}
	EndGlobalSection
EndGlobal
